
Microsoft Visual Studio Solution File, Format Version 12.00
# Visual Studio Version 17
VisualStudioVersion = 17.12.35323.107
MinimumVisualStudioVersion = 10.0.40219.1
Project("{FAE04EC0-301F-11D3-BF4B-00C04F79EFBC}") = "TransportKoi", "TransportKoi.csproj", "{01C0C5A0-9328-4B79-91DD-842273CF2D51}"
EndProject
Global
	GlobalSection(SolutionConfigurationPlatforms) = preSolution
		Debug|Any CPU = Debug|Any CPU
		Release|Any CPU = Release|Any CPU
	EndGlobalSection
	GlobalSection(ProjectConfigurationPlatforms) = postSolution
		{01C0C5A0-9328-4B79-91DD-842273CF2D51}.Debug|Any CPU.ActiveCfg = Debug|Any CPU
		{01C0C5A0-9328-4B79-91DD-842273CF2D51}.Debug|Any CPU.Build.0 = Debug|Any CPU
		{01C0C5A0-9328-4B79-91DD-842273CF2D51}.Release|Any CPU.ActiveCfg = Release|Any CPU
		{01C0C5A0-9328-4B79-91DD-842273CF2D51}.Release|Any CPU.Build.0 = Release|Any CPU
	EndGlobalSection
	GlobalSection(SolutionProperties) = preSolution
		HideSolutionNode = FALSE
	EndGlobalSection
	GlobalSection(ExtensibilityGlobals) = postSolution
		SolutionGuid = {FFB5564B-603E-47CE-88C2-7DE3731412E6}
	EndGlobalSection
EndGlobal
